
Microsoft Visual Studio Solution File, Format Version 12.00
# Visual Studio Version 16
VisualStudioVersion = 16.0.29806.167
MinimumVisualStudioVersion = 10.0.40219.1
Project("{FAE04EC0-301F-11D3-BF4B-00C04F79EFBC}") = "CoronaVirus1_Bellacci", "CoronaVirus1_Bellacci\CoronaVirus1_Bellacci.csproj", "{0381A1AB-CFC9-42C6-96A6-4F5E6EDD32DD}"
EndProject
Global
	GlobalSection(SolutionConfigurationPlatforms) = preSolution
		Debug|Any CPU = Debug|Any CPU
		Release|Any CPU = Release|Any CPU
	EndGlobalSection
	GlobalSection(ProjectConfigurationPlatforms) = postSolution
		{0381A1AB-CFC9-42C6-96A6-4F5E6EDD32DD}.Debug|Any CPU.ActiveCfg = Debug|Any CPU
		{0381A1AB-CFC9-42C6-96A6-4F5E6EDD32DD}.Debug|Any CPU.Build.0 = Debug|Any CPU
		{0381A1AB-CFC9-42C6-96A6-4F5E6EDD32DD}.Release|Any CPU.ActiveCfg = Release|Any CPU
		{0381A1AB-CFC9-42C6-96A6-4F5E6EDD32DD}.Release|Any CPU.Build.0 = Release|Any CPU
	EndGlobalSection
	GlobalSection(SolutionProperties) = preSolution
		HideSolutionNode = FALSE
	EndGlobalSection
	GlobalSection(ExtensibilityGlobals) = postSolution
		SolutionGuid = {98CFA0BE-874E-4E1C-816D-23FFA5224773}
	EndGlobalSection
EndGlobal
